<?xml version="1.0" encoding="utf-8"?>
<Project ToolsVersion="4.0" xmlns="http://schemas.microsoft.com/developer/msbuild/2003">
  <ItemGroup>
    <ClCompile Include="src\SandBoxApp.cpp" />
    <ClCompile Include="src\Sandbox2D.cpp" />
    <ClCompile Include="src\ExampleLayer.cpp" />
    <ClCompile Include="src\GameLayer.cpp" />
    <ClCompile Include="src\Level.cpp" />
    <ClCompile Include="src\ParticleSystem.cpp" />
    <ClCompile Include="src\Player.cpp" />
    <ClCompile Include="src\Random.cpp" />
  </ItemGroup>
  <ItemGroup>
    <Filter Include="assets">
      <UniqueIdentifier>{d4bffd51-fec7-4736-bc37-c72bde51d30c}</UniqueIdentifier>
    </Filter>
    <Filter Include="assets\shaders">
      <UniqueIdentifier>{b3323989-1f8e-42a8-a4c2-dfe232aa27c1}</UniqueIdentifier>
    </Filter>
    <Filter Include="assets\textures">
      <UniqueIdentifier>{55b279da-d76a-4937-b66f-0891492af50e}</UniqueIdentifier>
    </Filter>
  </ItemGroup>
  <ItemGroup>
    <Image Include="assets\textures\Checkerboard.png">
      <Filter>assets\textures</Filter>
    </Image>
    <Image Include="assets\textures\ChernoLogo.png">
      <Filter>assets\textures</Filter>
    </Image>
    <Image Include="assets\textures\Triangle.png">
      <Filter>assets\textures</Filter>
    </Image>
    <Image Include="assets\textures\Ship.png">
      <Filter>assets\textures</Filter>
    </Image>
  </ItemGroup>
  <ItemGroup>
    <None Include="assets\shaders\FlatColor.glsl">
      <Filter>assets\shaders</Filter>
    </None>
    <None Include="assets\shaders\Texture.glsl">
      <Filter>assets\shaders</Filter>
    </None>
  </ItemGroup>
  <ItemGroup>
    <ClInclude Include="src\Sandbox2D.h" />
    <ClInclude Include="src\ExampleLayer.h" />
    <ClInclude Include="src\Color.h" />
    <ClInclude Include="src\GameLayer.h" />
    <ClInclude Include="src\Level.h" />
    <ClInclude Include="src\ParticleSystem.h" />
    <ClInclude Include="src\Player.h" />
    <ClInclude Include="src\Random.h" />
  </ItemGroup>
  <ItemGroup>
    <Font Include="assets\OpenSans-Regular.ttf">
      <Filter>assets</Filter>
    </Font>
  </ItemGroup>
</Project>