
Microsoft Visual Studio Solution File, Format Version 12.00
# Visual Studio 15
VisualStudioVersion = 15.0.28307.852
MinimumVisualStudioVersion = 10.0.40219.1
Project("{8BC9CEB8-8B4A-11D0-8D11-00A0C91BC942}") = "Sandbox", "Sandbox\Sandbox.vcxproj", "{2436FA62-244F-4F87-BDFF-3A60798E936A}"
EndProject
Project("{8BC9CEB8-8B4A-11D0-8D11-00A0C91BC942}") = "Hazel", "Hazel\Hazel.vcxproj", "{145E0224-8B5E-4E43-9369-0AB8E53838A5}"
EndProject
Global
	GlobalSection(SolutionConfigurationPlatforms) = preSolution
		Debug|x64 = Debug|x64
		Release|x64 = Release|x64
	EndGlobalSection
	GlobalSection(ProjectConfigurationPlatforms) = postSolution
		{145E0224-8B5E-4E43-9369-0AB8E53838A5}.Debug|x64.ActiveCfg = Debug|x64
		{145E0224-8B5E-4E43-9369-0AB8E53838A5}.Debug|x64.Build.0 = Debug|x64
		{145E0224-8B5E-4E43-9369-0AB8E53838A5}.Release|x64.ActiveCfg = Release|x64
		{145E0224-8B5E-4E43-9369-0AB8E53838A5}.Release|x64.Build.0 = Release|x64
		{2436FA62-244F-4F87-BDFF-3A60798E936A}.Debug|x64.ActiveCfg = Debug|x64
		{2436FA62-244F-4F87-BDFF-3A60798E936A}.Debug|x64.Build.0 = Debug|x64
		{2436FA62-244F-4F87-BDFF-3A60798E936A}.Release|x64.ActiveCfg = Release|x64
		{2436FA62-244F-4F87-BDFF-3A60798E936A}.Release|x64.Build.0 = Release|x64
	EndGlobalSection
	GlobalSection(SolutionProperties) = preSolution
		HideSolutionNode = FALSE
	EndGlobalSection
	GlobalSection(ExtensibilityGlobals) = postSolution
		SolutionGuid = {EF17C857-4B15-4E2E-A019-46072C58DCE6}
	EndGlobalSection
EndGlobal
